
Microsoft Visual Studio Solution File, Format Version 12.00
# Visual Studio Version 17
VisualStudioVersion = 17.5.002.0
MinimumVisualStudioVersion = 10.0.40219.1
Project("{9A19103F-16F7-4668-BE54-9A1E7A4F7556}") = "Instrumenting", "Instrumenting.csproj", "{FA640621-8404-4268-BD94-C765F6E47A0C}"
EndProject
Global
	GlobalSection(SolutionConfigurationPlatforms) = preSolution
		Debug|Any CPU = Debug|Any CPU
		Release|Any CPU = Release|Any CPU
	EndGlobalSection
	GlobalSection(ProjectConfigurationPlatforms) = postSolution
		{FA640621-8404-4268-BD94-C765F6E47A0C}.Debug|Any CPU.ActiveCfg = Debug|Any CPU
		{FA640621-8404-4268-BD94-C765F6E47A0C}.Debug|Any CPU.Build.0 = Debug|Any CPU
		{FA640621-8404-4268-BD94-C765F6E47A0C}.Release|Any CPU.ActiveCfg = Release|Any CPU
		{FA640621-8404-4268-BD94-C765F6E47A0C}.Release|Any CPU.Build.0 = Release|Any CPU
	EndGlobalSection
	GlobalSection(SolutionProperties) = preSolution
		HideSolutionNode = FALSE
	EndGlobalSection
	GlobalSection(ExtensibilityGlobals) = postSolution
		SolutionGuid = {0266818F-D720-4A8F-9003-C612B9410F6F}
	EndGlobalSection
EndGlobal
